{
  "name": "QuentinDesbrousses.github.io",
  "lockfileVersion": 2,
  "requires": true,
  "packages": {
    "": {
      "dependencies": {
        "bootstrap-icons": "^1.7.1",
        "openssl": "^2.0.0"
      }
    },
    "node_modules/bootstrap-icons": {
      "version": "1.7.1",
      "resolved": "https://registry.npmjs.org/bootstrap-icons/-/bootstrap-icons-1.7.1.tgz",
      "integrity": "sha512-Hkuoo0qrWegA9cdzwS68YPSOLf7d42gqnMzT1tIy/SWvnxnI+Y5PFvK2qIbM/L7knH8SdC8FPgjA+bktzmGcAw==",
      "engines": {
        "node": ">=10"
      }
    },
    "node_modules/openssl": {
      "version": "2.0.0",
      "resolved": "https://registry.npmjs.org/openssl/-/openssl-2.0.0.tgz",
      "integrity": "sha512-0FgKhQ/e+XCtTTgn3qZO2g3y+Y3FC/LGvt77oObmMR4ZkZvsV1CuG/mMZClZgZqVKr0+tkemP+I3Uub4WXkHYw=="
    }
  },
  "dependencies": {
    "bootstrap-icons": {
      "version": "1.7.1",
      "resolved": "https://registry.npmjs.org/bootstrap-icons/-/bootstrap-icons-1.7.1.tgz",
      "integrity": "sha512-Hkuoo0qrWegA9cdzwS68YPSOLf7d42gqnMzT1tIy/SWvnxnI+Y5PFvK2qIbM/L7knH8SdC8FPgjA+bktzmGcAw=="
    },
    "openssl": {
      "version": "2.0.0",
      "resolved": "https://registry.npmjs.org/openssl/-/openssl-2.0.0.tgz",
      "integrity": "sha512-0FgKhQ/e+XCtTTgn3qZO2g3y+Y3FC/LGvt77oObmMR4ZkZvsV1CuG/mMZClZgZqVKr0+tkemP+I3Uub4WXkHYw=="
    }
  }
}
